Microsoft Visual Studio Solution File, Format Version 12.00
# Visual Studio 2012
Project("{FAE04EC0-301F-11D3-BF4B-00C04F79EFBC}") = "eden", "eden.csproj", "{4F06FF12-EF18-459F-9AA9-9CFEDD9A6965}"
EndProject
Global
	GlobalSection(SolutionConfigurationPlatforms) = preSolution
	Debug|Any CPU = Debug|Any CPU
	ExportDebug|Any CPU = ExportDebug|Any CPU
	ExportRelease|Any CPU = ExportRelease|Any CPU
	EndGlobalSection
	GlobalSection(ProjectConfigurationPlatforms) = postSolution
		{4F06FF12-EF18-459F-9AA9-9CFEDD9A6965}.Debug|Any CPU.ActiveCfg = Debug|Any CPU
		{4F06FF12-EF18-459F-9AA9-9CFEDD9A6965}.Debug|Any CPU.Build.0 = Debug|Any CPU
		{4F06FF12-EF18-459F-9AA9-9CFEDD9A6965}.ExportDebug|Any CPU.ActiveCfg = ExportDebug|Any CPU
		{4F06FF12-EF18-459F-9AA9-9CFEDD9A6965}.ExportDebug|Any CPU.Build.0 = ExportDebug|Any CPU
		{4F06FF12-EF18-459F-9AA9-9CFEDD9A6965}.ExportRelease|Any CPU.ActiveCfg = ExportRelease|Any CPU
		{4F06FF12-EF18-459F-9AA9-9CFEDD9A6965}.ExportRelease|Any CPU.Build.0 = ExportRelease|Any CPU
	EndGlobalSection
EndGlobal
